// !$*UTF8*$!
{
	archiveVersion = 1;
	classes = {
	};
	objectVersion = 50;
	objects = {

/* Begin PBXBuildFile section */
		A37810E3216C4D74005BFBC6 /* AppDelegate.swift in Sources */ = {isa = PBXBuildFile; fileRef = A37810E2216C4D74005BFBC6 /* AppDelegate.swift */; };
		A37810E5216C4D74005BFBC6 /* ViewController.swift in Sources */ = {isa = PBXBuildFile; fileRef = A37810E4216C4D74005BFBC6 /* ViewController.swift */; };
		A37810E8216C4D74005BFBC6 /* Main.storyboard in Resources */ = {isa = PBXBuildFile; fileRef = A37810E6216C4D74005BFBC6 /* Main.storyboard */; };
		A37810EA216C4D83005BFBC6 /* Assets.xcassets in Resources */ = {isa = PBXBuildFile; fileRef = A37810E9216C4D83005BFBC6 /* Assets.xcassets */; };
		A37810ED216C4D83005BFBC6 /* LaunchScreen.storyboard in Resources */ = {isa = PBXBuildFile; fileRef = A37810EB216C4D83005BFBC6 /* LaunchScreen.storyboard */; };
		A37810F8216C4D84005BFBC6 /* Tumblr_DemoTests.swift in Sources */ = {isa = PBXBuildFile; fileRef = A37810F7216C4D84005BFBC6 /* Tumblr_DemoTests.swift */; };
		A3781103216C4D85005BFBC6 /* Tumblr_DemoUITests.swift in Sources */ = {isa = PBXBuildFile; fileRef = A3781102216C4D85005BFBC6 /* Tumblr_DemoUITests.swift */; };
/* End PBXBuildFile section */

/* Begin PBXContainerItemProxy section */
		A37810F4216C4D84005BFBC6 /* PBXContainerItemProxy */ = {
			isa = PBXContainerItemProxy;
			containerPortal = A37810D7216C4D73005BFBC6 /* Project object */;
			proxyType = 1;
			remoteGlobalIDString = A37810DE216C4D73005BFBC6;
			remoteInfo = Tumblr_Demo;
		};
		A37810FF216C4D85005BFBC6 /* PBXContainerItemProxy */ = {
			isa = PBXContainerItemProxy;
			containerPortal = A37810D7216C4D73005BFBC6 /* Project object */;
			proxyType = 1;
			remoteGlobalIDString = A37810DE216C4D73005BFBC6;
			remoteInfo = Tumblr_Demo;
		};
/* End PBXContainerItemProxy section */

/* Begin PBXFileReference section */
		A37810DF216C4D74005BFBC6 /* Tumblr_Demo.app */ = {isa = PBXFileReference; explicitFileType = wrapper.application; includeInIndex = 0; path = Tumblr_Demo.app; sourceTree = BUILT_PRODUCTS_DIR; };
		A37810E2216C4D74005BFBC6 /* AppDelegate.swift */ = {isa = PBXFileReference; lastKnownFileType = sourcecode.swift; path = AppDelegate.swift; sourceTree = "<group>"; };
		A37810E4216C4D74005BFBC6 /* ViewController.swift */ = {isa = PBXFileReference; lastKnownFileType = sourcecode.swift; path = ViewController.swift; sourceTree = "<group>"; };
		A37810E7216C4D74005BFBC6 /* Base */ = {isa = PBXFileReference; lastKnownFileType = file.storyboard; name = Base; path = Base.lproj/Main.storyboard; sourceTree = "<group>"; };
		A37810E9216C4D83005BFBC6 /* Assets.xcassets */ = {isa = PBXFileReference; lastKnownFileType = folder.assetcatalog; path = Assets.xcassets; sourceTree = "<group>"; };
		A37810EC216C4D83005BFBC6 /* Base */ = {isa = PBXFileReference; lastKnownFileType = file.storyboard; name = Base; path = Base.lproj/LaunchScreen.storyboard; sourceTree = "<group>"; };
		A37810EE216C4D84005BFBC6 /* Info.plist */ = {isa = PBXFileReference; lastKnownFileType = text.plist.xml; path = Info.plist; sourceTree = "<group>"; };
		A37810F3216C4D84005BFBC6 /* Tumblr_DemoTests.xctest */ = {isa = PBXFileReference; explicitFileType = wrapper.cfbundle; includeInIndex = 0; path = Tumblr_DemoTests.xctest; sourceTree = BUILT_PRODUCTS_DIR; };
		A37810F7216C4D84005BFBC6 /* Tumblr_DemoTests.swift */ = {isa = PBXFileReference; lastKnownFileType = sourcecode.swift; path = Tumblr_DemoTests.swift; sourceTree = "<group>"; };
		A37810F9216C4D84005BFBC6 /* Info.plist */ = {isa = PBXFileReference; lastKnownFileType = text.plist.xml; path = Info.plist; sourceTree = "<group>"; };
		A37810FE216C4D85005BFBC6 /* Tumblr_DemoUITests.xctest */ = {isa = PBXFileReference; explicitFileType = wrapper.cfbundle; includeInIndex = 0; path = Tumblr_DemoUITests.xctest; sourceTree = BUILT_PRODUCTS_DIR; };
		A3781102216C4D85005BFBC6 /* Tumblr_DemoUITests.swift */ = {isa = PBXFileReference; lastKnownFileType = sourcecode.swift; path = Tumblr_DemoUITests.swift; sourceTree = "<group>"; };
		A3781104216C4D85005BFBC6 /* Info.plist */ = {isa = PBXFileReference; lastKnownFileType = text.plist.xml; path = Info.plist; sourceTree = "<group>"; };
/* End PBXFileReference section */

/* Begin PBXFrameworksBuildPhase section */
		A37810DC216C4D73005BFBC6 /* Frameworks */ = {
			isa = PBXFrameworksBuildPhase;
			buildActionMask = 2147483647;
			files = (
			);
			runOnlyForDeploymentPostprocessing = 0;
		};
		A37810F0216C4D84005BFBC6 /* Frameworks */ = {
			isa = PBXFrameworksBuildPhase;
			buildActionMask = 2147483647;
			files = (
			);
			runOnlyForDeploymentPostprocessing = 0;
		};
		A37810FB216C4D85005BFBC6 /* Frameworks */ = {
			isa = PBXFrameworksBuildPhase;
			buildActionMask = 2147483647;
			files = (
			);
			runOnlyForDeploymentPostprocessing = 0;
		};
/* End PBXFrameworksBuildPhase section */

/* Begin PBXGroup section */
		A37810D6216C4D73005BFBC6 = {
			isa = PBXGroup;
			children = (
				A37810E1216C4D74005BFBC6 /* Tumblr_Demo */,
				A37810F6216C4D84005BFBC6 /* Tumblr_DemoTests */,
				A3781101216C4D85005BFBC6 /* Tumblr_DemoUITests */,
				A37810E0216C4D74005BFBC6 /* Products */,
			);
			sourceTree = "<group>";
		};
		A37810E0216C4D74005BFBC6 /* Products */ = {
			isa = PBXGroup;
			children = (
				A37810DF216C4D74005BFBC6 /* Tumblr_Demo.app */,
				A37810F3216C4D84005BFBC6 /* Tumblr_DemoTests.xctest */,
				A37810FE216C4D85005BFBC6 /* Tumblr_DemoUITests.xctest */,
			);
			name = Products;
			sourceTree = "<group>";
		};
		A37810E1216C4D74005BFBC6 /* Tumblr_Demo */ = {
			isa = PBXGroup;
			children = (
				A37810E2216C4D74005BFBC6 /* AppDelegate.swift */,
				A37810E4216C4D74005BFBC6 /* ViewController.swift */,
				A37810E6216C4D74005BFBC6 /* Main.storyboard */,
				A37810E9216C4D83005BFBC6 /* Assets.xcassets */,
				A37810EB216C4D83005BFBC6 /* LaunchScreen.storyboard */,
				A37810EE216C4D84005BFBC6 /* Info.plist */,
			);
			path = Tumblr_Demo;
			sourceTree = "<group>";
		};
		A37810F6216C4D84005BFBC6 /* Tumblr_DemoTests */ = {
			isa = PBXGroup;
			children = (
				A37810F7216C4D84005BFBC6 /* Tumblr_DemoTests.swift */,
				A37810F9216C4D84005BFBC6 /* Info.plist */,
			);
			path = Tumblr_DemoTests;
			sourceTree = "<group>";
		};
		A3781101216C4D85005BFBC6 /* Tumblr_DemoUITests */ = {
			isa = PBXGroup;
			children = (
				A3781102216C4D85005BFBC6 /* Tumblr_DemoUITests.swift */,
				A3781104216C4D85005BFBC6 /* Info.plist */,
			);
			path = Tumblr_DemoUITests;
			sourceTree = "<group>";
		};
/* End PBXGroup section */

/* Begin PBXNativeTarget section */
		A37810DE216C4D73005BFBC6 /* Tumblr_Demo */ = {
			isa = PBXNativeTarget;
			buildConfigurationList = A3781107216C4D85005BFBC6 /* Build configuration list for PBXNativeTarget "Tumblr_Demo" */;
			buildPhases = (
				A37810DB216C4D73005BFBC6 /* Sources */,
				A37810DC216C4D73005BFBC6 /* Frameworks */,
				A37810DD216C4D73005BFBC6 /* Resources */,
			);
			buildRules = (
			);
			dependencies = (
			);
			name = Tumblr_Demo;
			productName = Tumblr_Demo;
			productReference = A37810DF216C4D74005BFBC6 /* Tumblr_Demo.app */;
			productType = "com.apple.product-type.application";
		};
		A37810F2216C4D84005BFBC6 /* Tumblr_DemoTests */ = {
			isa = PBXNativeTarget;
			buildConfigurationList = A378110A216C4D85005BFBC6 /* Build configuration list for PBXNativeTarget "Tumblr_DemoTests" */;
			buildPhases = (
				A37810EF216C4D84005BFBC6 /* Sources */,
				A37810F0216C4D84005BFBC6 /* Frameworks */,
				A37810F1216C4D84005BFBC6 /* Resources */,
			);
			buildRules = (
			);
			dependencies = (
				A37810F5216C4D84005BFBC6 /* PBXTargetDependency */,
			);
			name = Tumblr_DemoTests;
			productName = Tumblr_DemoTests;
			productReference = A37810F3216C4D84005BFBC6 /* Tumblr_DemoTests.xctest */;
			productType = "com.apple.product-type.bundle.unit-test";
		};
		A37810FD216C4D85005BFBC6 /* Tumblr_DemoUITests */ = {
			isa = PBXNativeTarget;
			buildConfigurationList = A378110D216C4D85005BFBC6 /* Build configuration list for PBXNativeTarget "Tumblr_DemoUITests" */;
			buildPhases = (
				A37810FA216C4D85005BFBC6 /* Sources */,
				A37810FB216C4D85005BFBC6 /* Frameworks */,
				A37810FC216C4D85005BFBC6 /* Resources */,
			);
			buildRules = (
			);
			dependencies = (
				A3781100216C4D85005BFBC6 /* PBXTargetDependency */,
			);
			name = Tumblr_DemoUITests;
			productName = Tumblr_DemoUITests;
			productReference = A37810FE216C4D85005BFBC6 /* Tumblr_DemoUITests.xctest */;
			productType = "com.apple.product-type.bundle.ui-testing";
		};
/* End PBXNativeTarget section */

/* Begin PBXProject section */
		A37810D7216C4D73005BFBC6 /* Project object */ = {
			isa = PBXProject;
			attributes = {
				LastSwiftUpdateCheck = 1000;
				LastUpgradeCheck = 1000;
				ORGANIZATIONNAME = "Annmarie Reid";
				TargetAttributes = {
					A37810DE216C4D73005BFBC6 = {
						CreatedOnToolsVersion = 10.0;
					};
					A37810F2216C4D84005BFBC6 = {
						CreatedOnToolsVersion = 10.0;
						TestTargetID = A37810DE216C4D73005BFBC6;
					};
					A37810FD216C4D85005BFBC6 = {
						CreatedOnToolsVersion = 10.0;
						TestTargetID = A37810DE216C4D73005BFBC6;
					};
				};
			};
			buildConfigurationList = A37810DA216C4D73005BFBC6 /* Build configuration list for PBXProject "Tumblr_Demo" */;
			compatibilityVersion = "Xcode 9.3";
			developmentRegion = en;
			hasScannedForEncodings = 0;
			knownRegions = (
				en,
				Base,
			);
			mainGroup = A37810D6216C4D73005BFBC6;
			productRefGroup = A37810E0216C4D74005BFBC6 /* Products */;
			projectDirPath = "";
			projectRoot = "";
			targets = (
				A37810DE216C4D73005BFBC6 /* Tumblr_Demo */,
				A37810F2216C4D84005BFBC6 /* Tumblr_DemoTests */,
				A37810FD216C4D85005BFBC6 /* Tumblr_DemoUITests */,
			);
		};
/* End PBXProject section */

/* Begin PBXResourcesBuildPhase section */
		A37810DD216C4D73005BFBC6 /* Resources */ = {
			isa = PBXResourcesBuildPhase;
			buildActionMask = 2147483647;
			files = (
				A37810ED216C4D83005BFBC6 /* LaunchScreen.storyboard in Resources */,
				A37810EA216C4D83005BFBC6 /* Assets.xcassets in Resources */,
				A37810E8216C4D74005BFBC6 /* Main.storyboard in Resources */,
			);
			runOnlyForDeploymentPostprocessing = 0;
		};
		A37810F1216C4D84005BFBC6 /* Resources */ = {
			isa = PBXResourcesBuildPhase;
			buildActionMask = 2147483647;
			files = (
			);
			runOnlyForDeploymentPostprocessing = 0;
		};
		A37810FC216C4D85005BFBC6 /* Resources */ = {
			isa = PBXResourcesBuildPhase;
			buildActionMask = 2147483647;
			files = (
			);
			runOnlyForDeploymentPostprocessing = 0;
		};
/* End PBXResourcesBuildPhase section */

/* Begin PBXSourcesBuildPhase section */
		A37810DB216C4D73005BFBC6 /* Sources */ = {
			isa = PBXSourcesBuildPhase;
			buildActionMask = 2147483647;
			files = (
				A37810E5216C4D74005BFBC6 /* ViewController.swift in Sources */,
				A37810E3216C4D74005BFBC6 /* AppDelegate.swift in Sources */,
			);
			runOnlyForDeploymentPostprocessing = 0;
		};
		A37810EF216C4D84005BFBC6 /* Sources */ = {
			isa = PBXSourcesBuildPhase;
			buildActionMask = 2147483647;
			files = (
				A37810F8216C4D84005BFBC6 /* Tumblr_DemoTests.swift in Sources */,
			);
			runOnlyForDeploymentPostprocessing = 0;
		};
		A37810FA216C4D85005BFBC6 /* Sources */ = {
			isa = PBXSourcesBuildPhase;
			buildActionMask = 2147483647;
			files = (
				A3781103216C4D85005BFBC6 /* Tumblr_DemoUITests.swift in Sources */,
			);
			runOnlyForDeploymentPostprocessing = 0;
		};
/* End PBXSourcesBuildPhase section */

/* Begin PBXTargetDependency section */
		A37810F5216C4D84005BFBC6 /* PBXTargetDependency */ = {
			isa = PBXTargetDependency;
			target = A37810DE216C4D73005BFBC6 /* Tumblr_Demo */;
			targetProxy = A37810F4216C4D84005BFBC6 /* PBXContainerItemProxy */;
		};
		A3781100216C4D85005BFBC6 /* PBXTargetDependency */ = {
			isa = PBXTargetDependency;
			target = A37810DE216C4D73005BFBC6 /* Tumblr_Demo */;
			targetProxy = A37810FF216C4D85005BFBC6 /* PBXContainerItemProxy */;
		};
/* End PBXTargetDependency section */

/* Begin PBXVariantGroup section */
		A37810E6216C4D74005BFBC6 /* Main.storyboard */ = {
			isa = PBXVariantGroup;
			children = (
				A37810E7216C4D74005BFBC6 /* Base */,
			);
			name = Main.storyboard;
			sourceTree = "<group>";
		};
		A37810EB216C4D83005BFBC6 /* LaunchScreen.storyboard */ = {
			isa = PBXVariantGroup;
			children = (
				A37810EC216C4D83005BFBC6 /* Base */,
			);
			name = LaunchScreen.storyboard;
			sourceTree = "<group>";
		};
/* End PBXVariantGroup section */

/* Begin XCBuildConfiguration section */
		A3781105216C4D85005BFBC6 /* Debug */ = {
			isa = XCBuildConfiguration;
			buildSettings = {
				ALWAYS_SEARCH_USER_PATHS = NO;
				CLANG_ANALYZER_NONNULL = YES;
				CLANG_ANALYZER_NUMBER_OBJECT_CONVERSION = YES_AGGRESSIVE;
				CLANG_CXX_LANGUAGE_STANDARD = "gnu++14";
				CLANG_CXX_LIBRARY = "libc++";
				CLANG_ENABLE_MODULES = YES;
				CLANG_ENABLE_OBJC_ARC = YES;
				CLANG_ENABLE_OBJC_WEAK = YES;
				CLANG_WARN_BLOCK_CAPTURE_AUTORELEASING = YES;
				CLANG_WARN_BOOL_CONVERSION = YES;
				CLANG_WARN_COMMA = YES;
				CLANG_WARN_CONSTANT_CONVERSION = YES;
				CLANG_WARN_DEPRECATED_OBJC_IMPLEMENTATIONS = YES;
				CLANG_WARN_DIRECT_OBJC_ISA_USAGE = YES_ERROR;
				CLANG_WARN_DOCUMENTATION_COMMENTS = YES;
				CLANG_WARN_EMPTY_BODY = YES;
				CLANG_WARN_ENUM_CONVERSION = YES;
				CLANG_WARN_INFINITE_RECURSION = YES;
				CLANG_WARN_INT_CONVERSION = YES;
				CLANG_WARN_NON_LITERAL_NULL_CONVERSION = YES;
				CLANG_WARN_OBJC_IMPLICIT_RETAIN_SELF = YES;
				CLANG_WARN_OBJC_LITERAL_CONVERSION = YES;
				CLANG_WARN_OBJC_ROOT_CLASS = YES_ERROR;
				CLANG_WARN_RANGE_LOOP_ANALYSIS = YES;
				CLANG_WARN_STRICT_PROTOTYPES = YES;
				CLANG_WARN_SUSPICIOUS_MOVE = YES;
				CLANG_WARN_UNGUARDED_AVAILABILITY = YES_AGGRESSIVE;
				CLANG_WARN_UNREACHABLE_CODE = YES;
				CLANG_WARN__DUPLICATE_METHOD_MATCH = YES;
				CODE_SIGN_IDENTITY = "iPhone Developer";
				COPY_PHASE_STRIP = NO;
				DEBUG_INFORMATION_FORMAT = dwarf;
				ENABLE_STRICT_OBJC_MSGSEND = YES;
				ENABLE_TESTABILITY = YES;
				GCC_C_LANGUAGE_STANDARD = gnu11;
				GCC_DYNAMIC_NO_PIC = NO;
				GCC_NO_COMMON_BLOCKS = YES;
				GCC_OPTIMIZATION_LEVEL = 0;
				GCC_PREPROCESSOR_DEFINITIONS = (
					"DEBUG=1",
					"$(inherited)",
				);
				GCC_WARN_64_TO_32_BIT_CONVERSION = YES;
				GCC_WARN_ABOUT_RETURN_TYPE = YES_ERROR;
				GCC_WARN_UNDECLARED_SELECTOR = YES;
				GCC_WARN_UNINITIALIZED_AUTOS = YES_AGGRESSIVE;
				GCC_WARN_UNUSED_FUNCTION = YES;
				GCC_WARN_UNUSED_VARIABLE = YES;
				IPHONEOS_DEPLOYMENT_TARGET = 12.0;
				MTL_ENABLE_DEBUG_INFO = INCLUDE_SOURCE;
				MTL_FAST_MATH = YES;
				ONLY_ACTIVE_ARCH = YES;
				SDKROOT = iphoneos;
				SWIFT_ACTIVE_COMPILATION_CONDITIONS = DEBUG;
				SWIFT_OPTIMIZATION_LEVEL = "-Onone";
			};
			name = Debug;
		};
		A3781106216C4D85005BFBC6 /* Release */ = {
			isa = XCBuildConfiguration;
			buildSettings = {
				ALWAYS_SEARCH_USER_PATHS = NO;
				CLANG_ANALYZER_NONNULL = YES;
				CLANG_ANALYZER_NUMBER_OBJECT_CONVERSION = YES_AGGRESSIVE;
				CLANG_CXX_LANGUAGE_STANDARD = "gnu++14";
				CLANG_CXX_LIBRARY = "libc++";
				CLANG_ENABLE_MODULES = YES;
				CLANG_ENABLE_OBJC_ARC = YES;
				CLANG_ENABLE_OBJC_WEAK = YES;
				CLANG_WARN_BLOCK_CAPTURE_AUTORELEASING = YES;
				CLANG_WARN_BOOL_CONVERSION = YES;
				CLANG_WARN_COMMA = YES;
				CLANG_WARN_CONSTANT_CONVERSION = YES;
				CLANG_WARN_DEPRECATED_OBJC_IMPLEMENTATIONS = YES;
				CLANG_WARN_DIRECT_OBJC_ISA_USAGE = YES_ERROR;
				CLANG_WARN_DOCUMENTATION_COMMENTS = YES;
				CLANG_WARN_EMPTY_BODY = YES;
				CLANG_WARN_ENUM_CONVERSION = YES;
				CLANG_WARN_INFINITE_RECURSION = YES;
				CLANG_WARN_INT_CONVERSION = YES;
				CLANG_WARN_NON_LITERAL_NULL_CONVERSION = YES;
				CLANG_WARN_OBJC_IMPLICIT_RETAIN_SELF = YES;
				CLANG_WARN_OBJC_LITERAL_CONVERSION = YES;
				CLANG_WARN_OBJC_ROOT_CLASS = YES_ERROR;
				CLANG_WARN_RANGE_LOOP_ANALYSIS = YES;
				CLANG_WARN_STRICT_PROTOTYPES = YES;
				CLANG_WARN_SUSPICIOUS_MOVE = YES;
				CLANG_WARN_UNGUARDED_AVAILABILITY = YES_AGGRESSIVE;
				CLANG_WARN_UNREACHABLE_CODE = YES;
				CLANG_WARN__DUPLICATE_METHOD_MATCH = YES;
				CODE_SIGN_IDENTITY = "iPhone Developer";
				COPY_PHASE_STRIP = NO;
				DEBUG_INFORMATION_FORMAT = "dwarf-with-dsym";
				ENABLE_NS_ASSERTIONS = NO;
				ENABLE_STRICT_OBJC_MSGSEND = YES;
				GCC_C_LANGUAGE_STANDARD = gnu11;
				GCC_NO_COMMON_BLOCKS = YES;
				GCC_WARN_64_TO_32_BIT_CONVERSION = YES;
				GCC_WARN_ABOUT_RETURN_TYPE = YES_ERROR;
				GCC_WARN_UNDECLARED_SELECTOR = YES;
				GCC_WARN_UNINITIALIZED_AUTOS = YES_AGGRESSIVE;
				GCC_WARN_UNUSED_FUNCTION = YES;
				GCC_WARN_UNUSED_VARIABLE = YES;
				IPHONEOS_DEPLOYMENT_TARGET = 12.0;
				MTL_ENABLE_DEBUG_INFO = NO;
				MTL_FAST_MATH = YES;
				SDKROOT = iphoneos;
				SWIFT_COMPILATION_MODE = wholemodule;
				SWIFT_OPTIMIZATION_LEVEL = "-O";
				VALIDATE_PRODUCT = YES;
			};
			name = Release;
		};
		A3781108216C4D85005BFBC6 /* Debug */ = {
			isa = XCBuildConfiguration;
			buildSettings = {
				ASSETCATALOG_COMPILER_APPICON_NAME = AppIcon;
				CODE_SIGN_STYLE = Automatic;
				DEVELOPMENT_TEAM = YPYQG2T92U;
				INFOPLIST_FILE = Tumblr_Demo/Info.plist;
				LD_RUNPATH_SEARCH_PATHS = (
					"$(inherited)",
					"@executable_path/Frameworks",
				);
				PRODUCT_BUNDLE_IDENTIFIER = "CCNY.Tumblr-Demo";
				PRODUCT_NAME = "$(TARGET_NAME)";
				SWIFT_VERSION = 4.2;
				TARGETED_DEVICE_FAMILY = "1,2";
			};
			name = Debug;
		};
		A3781109216C4D85005BFBC6 /* Release */ = {
			isa = XCBuildConfiguration;
			buildSettings = {
				ASSETCATALOG_COMPILER_APPICON_NAME = AppIcon;
				CODE_SIGN_STYLE = Automatic;
				DEVELOPMENT_TEAM = YPYQG2T92U;
				INFOPLIST_FILE = Tumblr_Demo/Info.plist;
				LD_RUNPATH_SEARCH_PATHS = (
					"$(inherited)",
					"@executable_path/Frameworks",
				);
				PRODUCT_BUNDLE_IDENTIFIER = "CCNY.Tumblr-Demo";
				PRODUCT_NAME = "$(TARGET_NAME)";
				SWIFT_VERSION = 4.2;
				TARGETED_DEVICE_FAMILY = "1,2";
			};
			name = Release;
		};
		A378110B216C4D85005BFBC6 /* Debug */ = {
			isa = XCBuildConfiguration;
			buildSettings = {
				ALWAYS_EMBED_SWIFT_STANDARD_LIBRARIES = YES;
				BUNDLE_LOADER = "$(TEST_HOST)";
				CODE_SIGN_STYLE = Automatic;
				DEVELOPMENT_TEAM = YPYQG2T92U;
				INFOPLIST_FILE = Tumblr_DemoTests/Info.plist;
				LD_RUNPATH_SEARCH_PATHS = (
					"$(inherited)",
					"@executable_path/Frameworks",
					"@loader_path/Frameworks",
				);
				PRODUCT_BUNDLE_IDENTIFIER = "CCNY.Tumblr-DemoTests";
				PRODUCT_NAME = "$(TARGET_NAME)";
				SWIFT_VERSION = 4.2;
				TARGETED_DEVICE_FAMILY = "1,2";
				TEST_HOST = "$(BUILT_PRODUCTS_DIR)/Tumblr_Demo.app/Tumblr_Demo";
			};
			name = Debug;
		};
		A378110C216C4D85005BFBC6 /* Release */ = {
			isa = XCBuildConfiguration;
			buildSettings = {
				ALWAYS_EMBED_SWIFT_STANDARD_LIBRARIES = YES;
				BUNDLE_LOADER = "$(TEST_HOST)";
				CODE_SIGN_STYLE = Automatic;
				DEVELOPMENT_TEAM = YPYQG2T92U;
				INFOPLIST_FILE = Tumblr_DemoTests/Info.plist;
				LD_RUNPATH_SEARCH_PATHS = (
					"$(inherited)",
					"@executable_path/Frameworks",
					"@loader_path/Frameworks",
				);
				PRODUCT_BUNDLE_IDENTIFIER = "CCNY.Tumblr-DemoTests";
				PRODUCT_NAME = "$(TARGET_NAME)";
				SWIFT_VERSION = 4.2;
				TARGETED_DEVICE_FAMILY = "1,2";
				TEST_HOST = "$(BUILT_PRODUCTS_DIR)/Tumblr_Demo.app/Tumblr_Demo";
			};
			name = Release;
		};
		A378110E216C4D85005BFBC6 /* Debug */ = {
			isa = XCBuildConfiguration;
			buildSettings = {
				ALWAYS_EMBED_SWIFT_STANDARD_LIBRARIES = YES;
				CODE_SIGN_STYLE = Automatic;
				DEVELOPMENT_TEAM = YPYQG2T92U;
				INFOPLIST_FILE = Tumblr_DemoUITests/Info.plist;
				LD_RUNPATH_SEARCH_PATHS = (
					"$(inherited)",
					"@executable_path/Frameworks",
					"@loader_path/Frameworks",
				);
				PRODUCT_BUNDLE_IDENTIFIER = "CCNY.Tumblr-DemoUITests";
				PRODUCT_NAME = "$(TARGET_NAME)";
				SWIFT_VERSION = 4.2;
				TARGETED_DEVICE_FAMILY = "1,2";
				TEST_TARGET_NAME = Tumblr_Demo;
			};
			name = Debug;
		};
		A378110F216C4D85005BFBC6 /* Release */ = {
			isa = XCBuildConfiguration;
			buildSettings = {
				ALWAYS_EMBED_SWIFT_STANDARD_LIBRARIES = YES;
				CODE_SIGN_STYLE = Automatic;
				DEVELOPMENT_TEAM = YPYQG2T92U;
				INFOPLIST_FILE = Tumblr_DemoUITests/Info.plist;
				LD_RUNPATH_SEARCH_PATHS = (
					"$(inherited)",
					"@executable_path/Frameworks",
					"@loader_path/Frameworks",
				);
				PRODUCT_BUNDLE_IDENTIFIER = "CCNY.Tumblr-DemoUITests";
				PRODUCT_NAME = "$(TARGET_NAME)";
				SWIFT_VERSION = 4.2;
				TARGETED_DEVICE_FAMILY = "1,2";
				TEST_TARGET_NAME = Tumblr_Demo;
			};
			name = Release;
		};
/* End XCBuildConfiguration section */

/* Begin XCConfigurationList section */
		A37810DA216C4D73005BFBC6 /* Build configuration list for PBXProject "Tumblr_Demo" */ = {
			isa = XCConfigurationList;
			buildConfigurations = (
				A3781105216C4D85005BFBC6 /* Debug */,
				A3781106216C4D85005BFBC6 /* Release */,
			);
			defaultConfigurationIsVisible = 0;
			defaultConfigurationName = Release;
		};
		A3781107216C4D85005BFBC6 /* Build configuration list for PBXNativeTarget "Tumblr_Demo" */ = {
			isa = XCConfigurationList;
			buildConfigurations = (
				A3781108216C4D85005BFBC6 /* Debug */,
				A3781109216C4D85005BFBC6 /* Release */,
			);
			defaultConfigurationIsVisible = 0;
			defaultConfigurationName = Release;
		};
		A378110A216C4D85005BFBC6 /* Build configuration list for PBXNativeTarget "Tumblr_DemoTests" */ = {
			isa = XCConfigurationList;
			buildConfigurations = (
				A378110B216C4D85005BFBC6 /* Debug */,
				A378110C216C4D85005BFBC6 /* Release */,
			);
			defaultConfigurationIsVisible = 0;
			defaultConfigurationName = Release;
		};
		A378110D216C4D85005BFBC6 /* Build configuration list for PBXNativeTarget "Tumblr_DemoUITests" */ = {
			isa = XCConfigurationList;
			buildConfigurations = (
				A378110E216C4D85005BFBC6 /* Debug */,
				A378110F216C4D85005BFBC6 /* Release */,
			);
			defaultConfigurationIsVisible = 0;
			defaultConfigurationName = Release;
		};
/* End XCConfigurationList section */
	};
	rootObject = A37810D7216C4D73005BFBC6 /* Project object */;
}
